
Microsoft Visual Studio Solution File, Format Version 12.00
# Visual Studio Version 16
VisualStudioVersion = 16.0.32228.343
MinimumVisualStudioVersion = 10.0.40219.1
Project("{FAE04EC0-301F-11D3-BF4B-00C04F79EFBC}") = "matina", "matina\matina.csproj", "{628B81BF-5BD8-4193-9159-61244274A493}"
EndProject
Global
	GlobalSection(SolutionConfigurationPlatforms) = preSolution
		Debug|Any CPU = Debug|Any CPU
		Release|Any CPU = Release|Any CPU
	EndGlobalSection
	GlobalSection(ProjectConfigurationPlatforms) = postSolution
		{628B81BF-5BD8-4193-9159-61244274A493}.Debug|Any CPU.ActiveCfg = Debug|Any CPU
		{628B81BF-5BD8-4193-9159-61244274A493}.Debug|Any CPU.Build.0 = Debug|Any CPU
		{628B81BF-5BD8-4193-9159-61244274A493}.Release|Any CPU.ActiveCfg = Release|Any CPU
		{628B81BF-5BD8-4193-9159-61244274A493}.Release|Any CPU.Build.0 = Release|Any CPU
	EndGlobalSection
	GlobalSection(SolutionProperties) = preSolution
		HideSolutionNode = FALSE
	EndGlobalSection
	GlobalSection(ExtensibilityGlobals) = postSolution
		SolutionGuid = {AA663F66-0172-4C63-9614-2FA73DC1B39D}
	EndGlobalSection
EndGlobal
